
Microsoft Visual Studio Solution File, Format Version 12.00
# Visual Studio Version 17
VisualStudioVersion = 17.9.34723.18
MinimumVisualStudioVersion = 10.0.40219.1
Project("{FAE04EC0-301F-11D3-BF4B-00C04F79EFBC}") = "WinFormsAppMain", "WinFormsAppMain\WinFormsAppMain.csproj", "{1CF1455B-0BDA-4F6F-8682-461E7D2BBEBB}"
EndProject
Global
	GlobalSection(SolutionConfigurationPlatforms) = preSolution
		Debug|Any CPU = Debug|Any CPU
		Release|Any CPU = Release|Any CPU
	EndGlobalSection
	GlobalSection(ProjectConfigurationPlatforms) = postSolution
		{1CF1455B-0BDA-4F6F-8682-461E7D2BBEBB}.Debug|Any CPU.ActiveCfg = Debug|Any CPU
		{1CF1455B-0BDA-4F6F-8682-461E7D2BBEBB}.Debug|Any CPU.Build.0 = Debug|Any CPU
		{1CF1455B-0BDA-4F6F-8682-461E7D2BBEBB}.Release|Any CPU.ActiveCfg = Release|Any CPU
		{1CF1455B-0BDA-4F6F-8682-461E7D2BBEBB}.Release|Any CPU.Build.0 = Release|Any CPU
	EndGlobalSection
	GlobalSection(SolutionProperties) = preSolution
		HideSolutionNode = FALSE
	EndGlobalSection
	GlobalSection(ExtensibilityGlobals) = postSolution
		SolutionGuid = {D94D4755-41F9-43F7-9C95-64F0B3C71FC7}
	EndGlobalSection
EndGlobal
